// !$*UTF8*$!
{
	archiveVersion = 1;
	classes = {
	};
	objectVersion = 77;
	objects = {

/* Begin PBXContainerItemProxy section */
		843DE80F2D1A7E6A00A91795 /* PBXContainerItemProxy */ = {
			isa = PBXContainerItemProxy;
			containerPortal = 843DE7ED2D1A7E6900A91795 /* Project object */;
			proxyType = 1;
			remoteGlobalIDString = 843DE7F42D1A7E6900A91795;
			remoteInfo = "GD Care";
		};
		843DE8192D1A7E6A00A91795 /* PBXContainerItemProxy */ = {
			isa = PBXContainerItemProxy;
			containerPortal = 843DE7ED2D1A7E6900A91795 /* Project object */;
			proxyType = 1;
			remoteGlobalIDString = 843DE7F42D1A7E6900A91795;
			remoteInfo = "GD Care";
		};
/* End PBXContainerItemProxy section */

/* Begin PBXFileReference section */
		843DE7F52D1A7E6900A91795 /* GD Care.app */ = {isa = PBXFileReference; explicitFileType = wrapper.application; includeInIndex = 0; path = "GD Care.app"; sourceTree = BUILT_PRODUCTS_DIR; };
		843DE80E2D1A7E6A00A91795 /* GD CareTests.xctest */ = {isa = PBXFileReference; explicitFileType = wrapper.cfbundle; includeInIndex = 0; path = "GD CareTests.xctest"; sourceTree = BUILT_PRODUCTS_DIR; };
		843DE8182D1A7E6A00A91795 /* GD CareUITests.xctest */ = {isa = PBXFileReference; explicitFileType = wrapper.cfbundle; includeInIndex = 0; path = "GD CareUITests.xctest"; sourceTree = BUILT_PRODUCTS_DIR; };
/* End PBXFileReference section */

/* Begin PBXFileSystemSynchronizedBuildFileExceptionSet section */
		843DE8202D1A7E6A00A91795 /* Exceptions for "GD Care" folder in "GD Care" target */ = {
			isa = PBXFileSystemSynchronizedBuildFileExceptionSet;
			membershipExceptions = (
				Info.plist,
			);
			target = 843DE7F42D1A7E6900A91795 /* GD Care */;
		};
/* End PBXFileSystemSynchronizedBuildFileExceptionSet section */

/* Begin PBXFileSystemSynchronizedRootGroup section */
		843DE7F72D1A7E6900A91795 /* GD Care */ = {
			isa = PBXFileSystemSynchronizedRootGroup;
			exceptions = (
				843DE8202D1A7E6A00A91795 /* Exceptions for "GD Care" folder in "GD Care" target */,
			);
			path = "GD Care";
			sourceTree = "<group>";
		};
		843DE8112D1A7E6A00A91795 /* GD CareTests */ = {
			isa = PBXFileSystemSynchronizedRootGroup;
			path = "GD CareTests";
			sourceTree = "<group>";
		};
		843DE81B2D1A7E6A00A91795 /* GD CareUITests */ = {
			isa = PBXFileSystemSynchronizedRootGroup;
			path = "GD CareUITests";
			sourceTree = "<group>";
		};
/* End PBXFileSystemSynchronizedRootGroup section */

/* Begin PBXFrameworksBuildPhase section */
		843DE7F22D1A7E6900A91795 /* Frameworks */ = {
			isa = PBXFrameworksBuildPhase;
			buildActionMask = 2147483647;
			files = (
			);
			runOnlyForDeploymentPostprocessing = 0;
		};
		843DE80B2D1A7E6A00A91795 /* Frameworks */ = {
			isa = PBXFrameworksBuildPhase;
			buildActionMask = 2147483647;
			files = (
			);
			runOnlyForDeploymentPostprocessing = 0;
		};
		843DE8152D1A7E6A00A91795 /* Frameworks */ = {
			isa = PBXFrameworksBuildPhase;
			buildActionMask = 2147483647;
			files = (
			);
			runOnlyForDeploymentPostprocessing = 0;
		};
/* End PBXFrameworksBuildPhase section */

/* Begin PBXGroup section */
		843DE7EC2D1A7E6900A91795 = {
			isa = PBXGroup;
			children = (
				843DE7F72D1A7E6900A91795 /* GD Care */,
				843DE8112D1A7E6A00A91795 /* GD CareTests */,
				843DE81B2D1A7E6A00A91795 /* GD CareUITests */,
				843DE7F62D1A7E6900A91795 /* Products */,
			);
			sourceTree = "<group>";
		};
		843DE7F62D1A7E6900A91795 /* Products */ = {
			isa = PBXGroup;
			children = (
				843DE7F52D1A7E6900A91795 /* GD Care.app */,
				843DE80E2D1A7E6A00A91795 /* GD CareTests.xctest */,
				843DE8182D1A7E6A00A91795 /* GD CareUITests.xctest */,
			);
			name = Products;
			sourceTree = "<group>";
		};
/* End PBXGroup section */

/* Begin PBXNativeTarget section */
		843DE7F42D1A7E6900A91795 /* GD Care */ = {
			isa = PBXNativeTarget;
			buildConfigurationList = 843DE8212D1A7E6A00A91795 /* Build configuration list for PBXNativeTarget "GD Care" */;
			buildPhases = (
				843DE7F12D1A7E6900A91795 /* Sources */,
				843DE7F22D1A7E6900A91795 /* Frameworks */,
				843DE7F32D1A7E6900A91795 /* Resources */,
			);
			buildRules = (
			);
			dependencies = (
			);
			fileSystemSynchronizedGroups = (
				843DE7F72D1A7E6900A91795 /* GD Care */,
			);
			name = "GD Care";
			packageProductDependencies = (
			);
			productName = "GD Care";
			productReference = 843DE7F52D1A7E6900A91795 /* GD Care.app */;
			productType = "com.apple.product-type.application";
		};
		843DE80D2D1A7E6A00A91795 /* GD CareTests */ = {
			isa = PBXNativeTarget;
			buildConfigurationList = 843DE8262D1A7E6A00A91795 /* Build configuration list for PBXNativeTarget "GD CareTests" */;
			buildPhases = (
				843DE80A2D1A7E6A00A91795 /* Sources */,
				843DE80B2D1A7E6A00A91795 /* Frameworks */,
				843DE80C2D1A7E6A00A91795 /* Resources */,
			);
			buildRules = (
			);
			dependencies = (
				843DE8102D1A7E6A00A91795 /* PBXTargetDependency */,
			);
			fileSystemSynchronizedGroups = (
				843DE8112D1A7E6A00A91795 /* GD CareTests */,
			);
			name = "GD CareTests";
			packageProductDependencies = (
			);
			productName = "GD CareTests";
			productReference = 843DE80E2D1A7E6A00A91795 /* GD CareTests.xctest */;
			productType = "com.apple.product-type.bundle.unit-test";
		};
		843DE8172D1A7E6A00A91795 /* GD CareUITests */ = {
			isa = PBXNativeTarget;
			buildConfigurationList = 843DE8292D1A7E6A00A91795 /* Build configuration list for PBXNativeTarget "GD CareUITests" */;
			buildPhases = (
				843DE8142D1A7E6A00A91795 /* Sources */,
				843DE8152D1A7E6A00A91795 /* Frameworks */,
				843DE8162D1A7E6A00A91795 /* Resources */,
			);
			buildRules = (
			);
			dependencies = (
				843DE81A2D1A7E6A00A91795 /* PBXTargetDependency */,
			);
			fileSystemSynchronizedGroups = (
				843DE81B2D1A7E6A00A91795 /* GD CareUITests */,
			);
			name = "GD CareUITests";
			packageProductDependencies = (
			);
			productName = "GD CareUITests";
			productReference = 843DE8182D1A7E6A00A91795 /* GD CareUITests.xctest */;
			productType = "com.apple.product-type.bundle.ui-testing";
		};
/* End PBXNativeTarget section */

/* Begin PBXProject section */
		843DE7ED2D1A7E6900A91795 /* Project object */ = {
			isa = PBXProject;
			attributes = {
				BuildIndependentTargetsInParallel = 1;
				LastSwiftUpdateCheck = 1620;
				LastUpgradeCheck = 1620;
				TargetAttributes = {
					843DE7F42D1A7E6900A91795 = {
						CreatedOnToolsVersion = 16.2;
					};
					843DE80D2D1A7E6A00A91795 = {
						CreatedOnToolsVersion = 16.2;
						TestTargetID = 843DE7F42D1A7E6900A91795;
					};
					843DE8172D1A7E6A00A91795 = {
						CreatedOnToolsVersion = 16.2;
						TestTargetID = 843DE7F42D1A7E6900A91795;
					};
				};
			};
			buildConfigurationList = 843DE7F02D1A7E6900A91795 /* Build configuration list for PBXProject "GD Care" */;
			developmentRegion = en;
			hasScannedForEncodings = 0;
			knownRegions = (
				en,
				Base,
			);
			mainGroup = 843DE7EC2D1A7E6900A91795;
			minimizedProjectReferenceProxies = 1;
			preferredProjectObjectVersion = 77;
			productRefGroup = 843DE7F62D1A7E6900A91795 /* Products */;
			projectDirPath = "";
			projectRoot = "";
			targets = (
				843DE7F42D1A7E6900A91795 /* GD Care */,
				843DE80D2D1A7E6A00A91795 /* GD CareTests */,
				843DE8172D1A7E6A00A91795 /* GD CareUITests */,
			);
		};
/* End PBXProject section */

/* Begin PBXResourcesBuildPhase section */
		843DE7F32D1A7E6900A91795 /* Resources */ = {
			isa = PBXResourcesBuildPhase;
			buildActionMask = 2147483647;
			files = (
			);
			runOnlyForDeploymentPostprocessing = 0;
		};
		843DE80C2D1A7E6A00A91795 /* Resources */ = {
			isa = PBXResourcesBuildPhase;
			buildActionMask = 2147483647;
			files = (
			);
			runOnlyForDeploymentPostprocessing = 0;
		};
		843DE8162D1A7E6A00A91795 /* Resources */ = {
			isa = PBXResourcesBuildPhase;
			buildActionMask = 2147483647;
			files = (
			);
			runOnlyForDeploymentPostprocessing = 0;
		};
/* End PBXResourcesBuildPhase section */

/* Begin PBXSourcesBuildPhase section */
		843DE7F12D1A7E6900A91795 /* Sources */ = {
			isa = PBXSourcesBuildPhase;
			buildActionMask = 2147483647;
			files = (
			);
			runOnlyForDeploymentPostprocessing = 0;
		};
		843DE80A2D1A7E6A00A91795 /* Sources */ = {
			isa = PBXSourcesBuildPhase;
			buildActionMask = 2147483647;
			files = (
			);
			runOnlyForDeploymentPostprocessing = 0;
		};
		843DE8142D1A7E6A00A91795 /* Sources */ = {
			isa = PBXSourcesBuildPhase;
			buildActionMask = 2147483647;
			files = (
			);
			runOnlyForDeploymentPostprocessing = 0;
		};
/* End PBXSourcesBuildPhase section */

/* Begin PBXTargetDependency section */
		843DE8102D1A7E6A00A91795 /* PBXTargetDependency */ = {
			isa = PBXTargetDependency;
			target = 843DE7F42D1A7E6900A91795 /* GD Care */;
			targetProxy = 843DE80F2D1A7E6A00A91795 /* PBXContainerItemProxy */;
		};
		843DE81A2D1A7E6A00A91795 /* PBXTargetDependency */ = {
			isa = PBXTargetDependency;
			target = 843DE7F42D1A7E6900A91795 /* GD Care */;
			targetProxy = 843DE8192D1A7E6A00A91795 /* PBXContainerItemProxy */;
		};
/* End PBXTargetDependency section */

/* Begin XCBuildConfiguration section */
		843DE8222D1A7E6A00A91795 /* Debug */ = {
			isa = XCBuildConfiguration;
			buildSettings = {
				ASSETCATALOG_COMPILER_APPICON_NAME = AppIcon;
				ASSETCATALOG_COMPILER_GLOBAL_ACCENT_COLOR_NAME = AccentColor;
				CODE_SIGN_STYLE = Automatic;
				CURRENT_PROJECT_VERSION = 1;
				GENERATE_INFOPLIST_FILE = YES;
				INFOPLIST_FILE = "GD Care/Info.plist";
				INFOPLIST_KEY_UIApplicationSupportsIndirectInputEvents = YES;
				INFOPLIST_KEY_UILaunchStoryboardName = LaunchScreen;
				INFOPLIST_KEY_UIMainStoryboardFile = Main;
				INFOPLIST_KEY_UISupportedInterfaceOrientations_iPad = "UIInterfaceOrientationPortrait UIInterfaceOrientationPortraitUpsideDown UIInterfaceOrientationLandscapeLeft UIInterfaceOrientationLandscapeRight";
				INFOPLIST_KEY_UISupportedInterfaceOrientations_iPhone = "UIInterfaceOrientationPortrait UIInterfaceOrientationLandscapeLeft UIInterfaceOrientationLandscapeRight";
				LD_RUNPATH_SEARCH_PATHS = (
					"$(inherited)",
					"@executable_path/Frameworks",
				);
				MARKETING_VERSION = 1.0;
				PRODUCT_BUNDLE_IDENTIFIER = "General-Diagnostics-International.GD-Care";
				PRODUCT_NAME = "$(TARGET_NAME)";
				SWIFT_EMIT_LOC_STRINGS = YES;
				SWIFT_VERSION = 5.0;
				TARGETED_DEVICE_FAMILY = "1,2";
			};
			name = Debug;
		};
		843DE8232D1A7E6A00A91795 /* Release */ = {
			isa = XCBuildConfiguration;
			buildSettings = {
				ASSETCATALOG_COMPILER_APPICON_NAME = AppIcon;
				ASSETCATALOG_COMPILER_GLOBAL_ACCENT_COLOR_NAME = AccentColor;
				CODE_SIGN_STYLE = Automatic;
				CURRENT_PROJECT_VERSION = 1;
				GENERATE_INFOPLIST_FILE = YES;
				INFOPLIST_FILE = "GD Care/Info.plist";
				INFOPLIST_KEY_UIApplicationSupportsIndirectInputEvents = YES;
				INFOPLIST_KEY_UILaunchStoryboardName = LaunchScreen;
				INFOPLIST_KEY_UIMainStoryboardFile = Main;
				INFOPLIST_KEY_UISupportedInterfaceOrientations_iPad = "UIInterfaceOrientationPortrait UIInterfaceOrientationPortraitUpsideDown UIInterfaceOrientationLandscapeLeft UIInterfaceOrientationLandscapeRight";
				INFOPLIST_KEY_UISupportedInterfaceOrientations_iPhone = "UIInterfaceOrientationPortrait UIInterfaceOrientationLandscapeLeft UIInterfaceOrientationLandscapeRight";
				LD_RUNPATH_SEARCH_PATHS = (
					"$(inherited)",
					"@executable_path/Frameworks",
				);
				MARKETING_VERSION = 1.0;
				PRODUCT_BUNDLE_IDENTIFIER = "General-Diagnostics-International.GD-Care";
				PRODUCT_NAME = "$(TARGET_NAME)";
				SWIFT_EMIT_LOC_STRINGS = YES;
				SWIFT_VERSION = 5.0;
				TARGETED_DEVICE_FAMILY = "1,2";
			};
			name = Release;
		};
		843DE8242D1A7E6A00A91795 /* Debug */ = {
			isa = XCBuildConfiguration;
			buildSettings = {
				ALWAYS_SEARCH_USER_PATHS = NO;
				ASSETCATALOG_COMPILER_GENERATE_SWIFT_ASSET_SYMBOL_EXTENSIONS = YES;
				CLANG_ANALYZER_NONNULL = YES;
				CLANG_ANALYZER_NUMBER_OBJECT_CONVERSION = YES_AGGRESSIVE;
				CLANG_CXX_LANGUAGE_STANDARD = "gnu++20";
				CLANG_ENABLE_MODULES = YES;
				CLANG_ENABLE_OBJC_ARC = YES;
				CLANG_ENABLE_OBJC_WEAK = YES;
				CLANG_WARN_BLOCK_CAPTURE_AUTORELEASING = YES;
				CLANG_WARN_BOOL_CONVERSION = YES;
				CLANG_WARN_COMMA = YES;
				CLANG_WARN_CONSTANT_CONVERSION = YES;
				CLANG_WARN_DEPRECATED_OBJC_IMPLEMENTATIONS = YES;
				CLANG_WARN_DIRECT_OBJC_ISA_USAGE = YES_ERROR;
				CLANG_WARN_DOCUMENTATION_COMMENTS = YES;
				CLANG_WARN_EMPTY_BODY = YES;
				CLANG_WARN_ENUM_CONVERSION = YES;
				CLANG_WARN_INFINITE_RECURSION = YES;
				CLANG_WARN_INT_CONVERSION = YES;
				CLANG_WARN_NON_LITERAL_NULL_CONVERSION = YES;
				CLANG_WARN_OBJC_IMPLICIT_RETAIN_SELF = YES;
				CLANG_WARN_OBJC_LITERAL_CONVERSION = YES;
				CLANG_WARN_OBJC_ROOT_CLASS = YES_ERROR;
				CLANG_WARN_QUOTED_INCLUDE_IN_FRAMEWORK_HEADER = YES;
				CLANG_WARN_RANGE_LOOP_ANALYSIS = YES;
				CLANG_WARN_STRICT_PROTOTYPES = YES;
				CLANG_WARN_SUSPICIOUS_MOVE = YES;
				CLANG_WARN_UNGUARDED_AVAILABILITY = YES_AGGRESSIVE;
				CLANG_WARN_UNREACHABLE_CODE = YES;
				CLANG_WARN__DUPLICATE_METHOD_MATCH = YES;
				COPY_PHASE_STRIP = NO;
				DEBUG_INFORMATION_FORMAT = dwarf;
				ENABLE_STRICT_OBJC_MSGSEND = YES;
				ENABLE_TESTABILITY = YES;
				ENABLE_USER_SCRIPT_SANDBOXING = YES;
				GCC_C_LANGUAGE_STANDARD = gnu17;
				GCC_DYNAMIC_NO_PIC = NO;
				GCC_NO_COMMON_BLOCKS = YES;
				GCC_OPTIMIZATION_LEVEL = 0;
				GCC_PREPROCESSOR_DEFINITIONS = (
					"DEBUG=1",
					"$(inherited)",
				);
				GCC_WARN_64_TO_32_BIT_CONVERSION = YES;
				GCC_WARN_ABOUT_RETURN_TYPE = YES_ERROR;
				GCC_WARN_UNDECLARED_SELECTOR = YES;
				GCC_WARN_UNINITIALIZED_AUTOS = YES_AGGRESSIVE;
				GCC_WARN_UNUSED_FUNCTION = YES;
				GCC_WARN_UNUSED_VARIABLE = YES;
				IPHONEOS_DEPLOYMENT_TARGET = 18.2;
				LOCALIZATION_PREFERS_STRING_CATALOGS = YES;
				MTL_ENABLE_DEBUG_INFO = INCLUDE_SOURCE;
				MTL_FAST_MATH = YES;
				ONLY_ACTIVE_ARCH = YES;
				SDKROOT = iphoneos;
				SWIFT_ACTIVE_COMPILATION_CONDITIONS = "DEBUG $(inherited)";
				SWIFT_OPTIMIZATION_LEVEL = "-Onone";
			};
			name = Debug;
		};
		843DE8252D1A7E6A00A91795 /* Release */ = {
			isa = XCBuildConfiguration;
			buildSettings = {
				ALWAYS_SEARCH_USER_PATHS = NO;
				ASSETCATALOG_COMPILER_GENERATE_SWIFT_ASSET_SYMBOL_EXTENSIONS = YES;
				CLANG_ANALYZER_NONNULL = YES;
				CLANG_ANALYZER_NUMBER_OBJECT_CONVERSION = YES_AGGRESSIVE;
				CLANG_CXX_LANGUAGE_STANDARD = "gnu++20";
				CLANG_ENABLE_MODULES = YES;
				CLANG_ENABLE_OBJC_ARC = YES;
				CLANG_ENABLE_OBJC_WEAK = YES;
				CLANG_WARN_BLOCK_CAPTURE_AUTORELEASING = YES;
				CLANG_WARN_BOOL_CONVERSION = YES;
				CLANG_WARN_COMMA = YES;
				CLANG_WARN_CONSTANT_CONVERSION = YES;
				CLANG_WARN_DEPRECATED_OBJC_IMPLEMENTATIONS = YES;
				CLANG_WARN_DIRECT_OBJC_ISA_USAGE = YES_ERROR;
				CLANG_WARN_DOCUMENTATION_COMMENTS = YES;
				CLANG_WARN_EMPTY_BODY = YES;
				CLANG_WARN_ENUM_CONVERSION = YES;
				CLANG_WARN_INFINITE_RECURSION = YES;
				CLANG_WARN_INT_CONVERSION = YES;
				CLANG_WARN_NON_LITERAL_NULL_CONVERSION = YES;
				CLANG_WARN_OBJC_IMPLICIT_RETAIN_SELF = YES;
				CLANG_WARN_OBJC_LITERAL_CONVERSION = YES;
				CLANG_WARN_OBJC_ROOT_CLASS = YES_ERROR;
				CLANG_WARN_QUOTED_INCLUDE_IN_FRAMEWORK_HEADER = YES;
				CLANG_WARN_RANGE_LOOP_ANALYSIS = YES;
				CLANG_WARN_STRICT_PROTOTYPES = YES;
				CLANG_WARN_SUSPICIOUS_MOVE = YES;
				CLANG_WARN_UNGUARDED_AVAILABILITY = YES_AGGRESSIVE;
				CLANG_WARN_UNREACHABLE_CODE = YES;
				CLANG_WARN__DUPLICATE_METHOD_MATCH = YES;
				COPY_PHASE_STRIP = NO;
				DEBUG_INFORMATION_FORMAT = "dwarf-with-dsym";
				ENABLE_NS_ASSERTIONS = NO;
				ENABLE_STRICT_OBJC_MSGSEND = YES;
				ENABLE_USER_SCRIPT_SANDBOXING = YES;
				GCC_C_LANGUAGE_STANDARD = gnu17;
				GCC_NO_COMMON_BLOCKS = YES;
				GCC_WARN_64_TO_32_BIT_CONVERSION = YES;
				GCC_WARN_ABOUT_RETURN_TYPE = YES_ERROR;
				GCC_WARN_UNDECLARED_SELECTOR = YES;
				GCC_WARN_UNINITIALIZED_AUTOS = YES_AGGRESSIVE;
				GCC_WARN_UNUSED_FUNCTION = YES;
				GCC_WARN_UNUSED_VARIABLE = YES;
				IPHONEOS_DEPLOYMENT_TARGET = 18.2;
				LOCALIZATION_PREFERS_STRING_CATALOGS = YES;
				MTL_ENABLE_DEBUG_INFO = NO;
				MTL_FAST_MATH = YES;
				SDKROOT = iphoneos;
				SWIFT_COMPILATION_MODE = wholemodule;
				VALIDATE_PRODUCT = YES;
			};
			name = Release;
		};
		843DE8272D1A7E6A00A91795 /* Debug */ = {
			isa = XCBuildConfiguration;
			buildSettings = {
				BUNDLE_LOADER = "$(TEST_HOST)";
				CODE_SIGN_STYLE = Automatic;
				CURRENT_PROJECT_VERSION = 1;
				GENERATE_INFOPLIST_FILE = YES;
				IPHONEOS_DEPLOYMENT_TARGET = 18.2;
				MARKETING_VERSION = 1.0;
				PRODUCT_BUNDLE_IDENTIFIER = "General-Diagnostics-International.GD-CareTests";
				PRODUCT_NAME = "$(TARGET_NAME)";
				SWIFT_EMIT_LOC_STRINGS = NO;
				SWIFT_VERSION = 5.0;
				TARGETED_DEVICE_FAMILY = "1,2";
				TEST_HOST = "$(BUILT_PRODUCTS_DIR)/GD Care.app/$(BUNDLE_EXECUTABLE_FOLDER_PATH)/GD Care";
			};
			name = Debug;
		};
		843DE8282D1A7E6A00A91795 /* Release */ = {
			isa = XCBuildConfiguration;
			buildSettings = {
				BUNDLE_LOADER = "$(TEST_HOST)";
				CODE_SIGN_STYLE = Automatic;
				CURRENT_PROJECT_VERSION = 1;
				GENERATE_INFOPLIST_FILE = YES;
				IPHONEOS_DEPLOYMENT_TARGET = 18.2;
				MARKETING_VERSION = 1.0;
				PRODUCT_BUNDLE_IDENTIFIER = "General-Diagnostics-International.GD-CareTests";
				PRODUCT_NAME = "$(TARGET_NAME)";
				SWIFT_EMIT_LOC_STRINGS = NO;
				SWIFT_VERSION = 5.0;
				TARGETED_DEVICE_FAMILY = "1,2";
				TEST_HOST = "$(BUILT_PRODUCTS_DIR)/GD Care.app/$(BUNDLE_EXECUTABLE_FOLDER_PATH)/GD Care";
			};
			name = Release;
		};
		843DE82A2D1A7E6A00A91795 /* Debug */ = {
			isa = XCBuildConfiguration;
			buildSettings = {
				CODE_SIGN_STYLE = Automatic;
				CURRENT_PROJECT_VERSION = 1;
				GENERATE_INFOPLIST_FILE = YES;
				MARKETING_VERSION = 1.0;
				PRODUCT_BUNDLE_IDENTIFIER = "General-Diagnostics-International.GD-CareUITests";
				PRODUCT_NAME = "$(TARGET_NAME)";
				SWIFT_EMIT_LOC_STRINGS = NO;
				SWIFT_VERSION = 5.0;
				TARGETED_DEVICE_FAMILY = "1,2";
				TEST_TARGET_NAME = "GD Care";
			};
			name = Debug;
		};
		843DE82B2D1A7E6A00A91795 /* Release */ = {
			isa = XCBuildConfiguration;
			buildSettings = {
				CODE_SIGN_STYLE = Automatic;
				CURRENT_PROJECT_VERSION = 1;
				GENERATE_INFOPLIST_FILE = YES;
				MARKETING_VERSION = 1.0;
				PRODUCT_BUNDLE_IDENTIFIER = "General-Diagnostics-International.GD-CareUITests";
				PRODUCT_NAME = "$(TARGET_NAME)";
				SWIFT_EMIT_LOC_STRINGS = NO;
				SWIFT_VERSION = 5.0;
				TARGETED_DEVICE_FAMILY = "1,2";
				TEST_TARGET_NAME = "GD Care";
			};
			name = Release;
		};
/* End XCBuildConfiguration section */

/* Begin XCConfigurationList section */
		843DE7F02D1A7E6900A91795 /* Build configuration list for PBXProject "GD Care" */ = {
			isa = XCConfigurationList;
			buildConfigurations = (
				843DE8242D1A7E6A00A91795 /* Debug */,
				843DE8252D1A7E6A00A91795 /* Release */,
			);
			defaultConfigurationIsVisible = 0;
			defaultConfigurationName = Release;
		};
		843DE8212D1A7E6A00A91795 /* Build configuration list for PBXNativeTarget "GD Care" */ = {
			isa = XCConfigurationList;
			buildConfigurations = (
				843DE8222D1A7E6A00A91795 /* Debug */,
				843DE8232D1A7E6A00A91795 /* Release */,
			);
			defaultConfigurationIsVisible = 0;
			defaultConfigurationName = Release;
		};
		843DE8262D1A7E6A00A91795 /* Build configuration list for PBXNativeTarget "GD CareTests" */ = {
			isa = XCConfigurationList;
			buildConfigurations = (
				843DE8272D1A7E6A00A91795 /* Debug */,
				843DE8282D1A7E6A00A91795 /* Release */,
			);
			defaultConfigurationIsVisible = 0;
			defaultConfigurationName = Release;
		};
		843DE8292D1A7E6A00A91795 /* Build configuration list for PBXNativeTarget "GD CareUITests" */ = {
			isa = XCConfigurationList;
			buildConfigurations = (
				843DE82A2D1A7E6A00A91795 /* Debug */,
				843DE82B2D1A7E6A00A91795 /* Release */,
			);
			defaultConfigurationIsVisible = 0;
			defaultConfigurationName = Release;
		};
/* End XCConfigurationList section */
	};
	rootObject = 843DE7ED2D1A7E6900A91795 /* Project object */;
}
